
Microsoft Visual Studio Solution File, Format Version 12.00
# Visual Studio Version 17
VisualStudioVersion = 17.4.33122.133
MinimumVisualStudioVersion = 10.0.40219.1
Project("{9A19103F-16F7-4668-BE54-9A1E7A4F7556}") = "BookStore.API", "BookStore.API\BookStore.API.csproj", "{A2F6E535-44E1-4298-93DC-85AA0A15ABF5}"
EndProject
Global
	GlobalSection(SolutionConfigurationPlatforms) = preSolution
		Debug|Any CPU = Debug|Any CPU
		Release|Any CPU = Release|Any CPU
	EndGlobalSection
	GlobalSection(ProjectConfigurationPlatforms) = postSolution
		{A2F6E535-44E1-4298-93DC-85AA0A15ABF5}.Debug|Any CPU.ActiveCfg = Debug|Any CPU
		{A2F6E535-44E1-4298-93DC-85AA0A15ABF5}.Debug|Any CPU.Build.0 = Debug|Any CPU
		{A2F6E535-44E1-4298-93DC-85AA0A15ABF5}.Release|Any CPU.ActiveCfg = Release|Any CPU
		{A2F6E535-44E1-4298-93DC-85AA0A15ABF5}.Release|Any CPU.Build.0 = Release|Any CPU
	EndGlobalSection
	GlobalSection(SolutionProperties) = preSolution
		HideSolutionNode = FALSE
	EndGlobalSection
	GlobalSection(ExtensibilityGlobals) = postSolution
		SolutionGuid = {17798113-D5D8-4485-BC2D-295737FFA965}
	EndGlobalSection
EndGlobal
